
Microsoft Visual Studio Solution File, Format Version 12.00
# Visual Studio Version 17
VisualStudioVersion = 17.9.34616.47
MinimumVisualStudioVersion = 10.0.40219.1
Project("{9A19103F-16F7-4668-BE54-9A1E7A4F7556}") = "oeschle", "oeschle\oeschle.csproj", "{4B139A11-1965-4431-BDBC-DF996F3CEF0C}"
EndProject
Project("{FAE04EC0-301F-11D3-BF4B-00C04F79EFBC}") = "ConsoleApp1", "ConsoleApp1\ConsoleApp1.csproj", "{65AFDDE2-D2BA-48B2-BBD9-8420C2144D0F}"
EndProject
Project("{54A90642-561A-4BB1-A94E-469ADEE60C69}") = "reactproject1", "reactproject1\reactproject1.esproj", "{58F67F16-8E38-44C7-B5A5-7E10BBCB13F1}"
EndProject
Global
	GlobalSection(SolutionConfigurationPlatforms) = preSolution
		Debug|Any CPU = Debug|Any CPU
		Release|Any CPU = Release|Any CPU
	EndGlobalSection
	GlobalSection(ProjectConfigurationPlatforms) = postSolution
		{4B139A11-1965-4431-BDBC-DF996F3CEF0C}.Debug|Any CPU.ActiveCfg = Debug|Any CPU
		{4B139A11-1965-4431-BDBC-DF996F3CEF0C}.Debug|Any CPU.Build.0 = Debug|Any CPU
		{4B139A11-1965-4431-BDBC-DF996F3CEF0C}.Release|Any CPU.ActiveCfg = Release|Any CPU
		{4B139A11-1965-4431-BDBC-DF996F3CEF0C}.Release|Any CPU.Build.0 = Release|Any CPU
		{65AFDDE2-D2BA-48B2-BBD9-8420C2144D0F}.Debug|Any CPU.ActiveCfg = Debug|Any CPU
		{65AFDDE2-D2BA-48B2-BBD9-8420C2144D0F}.Debug|Any CPU.Build.0 = Debug|Any CPU
		{65AFDDE2-D2BA-48B2-BBD9-8420C2144D0F}.Release|Any CPU.ActiveCfg = Release|Any CPU
		{65AFDDE2-D2BA-48B2-BBD9-8420C2144D0F}.Release|Any CPU.Build.0 = Release|Any CPU
		{58F67F16-8E38-44C7-B5A5-7E10BBCB13F1}.Debug|Any CPU.ActiveCfg = Debug|Any CPU
		{58F67F16-8E38-44C7-B5A5-7E10BBCB13F1}.Debug|Any CPU.Build.0 = Debug|Any CPU
		{58F67F16-8E38-44C7-B5A5-7E10BBCB13F1}.Debug|Any CPU.Deploy.0 = Debug|Any CPU
		{58F67F16-8E38-44C7-B5A5-7E10BBCB13F1}.Release|Any CPU.ActiveCfg = Release|Any CPU
		{58F67F16-8E38-44C7-B5A5-7E10BBCB13F1}.Release|Any CPU.Build.0 = Release|Any CPU
		{58F67F16-8E38-44C7-B5A5-7E10BBCB13F1}.Release|Any CPU.Deploy.0 = Release|Any CPU
	EndGlobalSection
	GlobalSection(SolutionProperties) = preSolution
		HideSolutionNode = FALSE
	EndGlobalSection
	GlobalSection(ExtensibilityGlobals) = postSolution
		SolutionGuid = {9DCCC440-7C5A-4BF8-A78A-18FE01256451}
	EndGlobalSection
EndGlobal
